// !$*UTF8*$!
{
	archiveVersion = 1;
	classes = {
	};
	objectVersion = 50;
	objects = {

/* Begin PBXBuildFile section */
		65BFFFAC24E39F38000770B7 /* AppDelegate.swift in Sources */ = {isa = PBXBuildFile; fileRef = 65BFFFAB24E39F38000770B7 /* AppDelegate.swift */; };
		65BFFFAE24E39F38000770B7 /* SceneDelegate.swift in Sources */ = {isa = PBXBuildFile; fileRef = 65BFFFAD24E39F38000770B7 /* SceneDelegate.swift */; };
		65BFFFB024E39F38000770B7 /* ViewController.swift in Sources */ = {isa = PBXBuildFile; fileRef = 65BFFFAF24E39F38000770B7 /* ViewController.swift */; };
		65BFFFB324E39F38000770B7 /* Main.storyboard in Resources */ = {isa = PBXBuildFile; fileRef = 65BFFFB124E39F38000770B7 /* Main.storyboard */; };
		65BFFFB524E39F3C000770B7 /* Assets.xcassets in Resources */ = {isa = PBXBuildFile; fileRef = 65BFFFB424E39F3C000770B7 /* Assets.xcassets */; };
		65BFFFB824E39F3C000770B7 /* LaunchScreen.storyboard in Resources */ = {isa = PBXBuildFile; fileRef = 65BFFFB624E39F3C000770B7 /* LaunchScreen.storyboard */; };
		65BFFFC124E39F6C000770B7 /* Sorts.swift in Sources */ = {isa = PBXBuildFile; fileRef = 65BFFFC024E39F6C000770B7 /* Sorts.swift */; };
		65BFFFC924E3B15C000770B7 /* SortAlgorithmsTests.swift in Sources */ = {isa = PBXBuildFile; fileRef = 65BFFFC824E3B15C000770B7 /* SortAlgorithmsTests.swift */; };
/* End PBXBuildFile section */

/* Begin PBXContainerItemProxy section */
		65BFFFCB24E3B15C000770B7 /* PBXContainerItemProxy */ = {
			isa = PBXContainerItemProxy;
			containerPortal = 65BFFFA024E39F38000770B7 /* Project object */;
			proxyType = 1;
			remoteGlobalIDString = 65BFFFA724E39F38000770B7;
			remoteInfo = SortAlgorithms;
		};
/* End PBXContainerItemProxy section */

/* Begin PBXFileReference section */
		65BFFFA824E39F38000770B7 /* SortAlgorithms.app */ = {isa = PBXFileReference; explicitFileType = wrapper.application; includeInIndex = 0; path = SortAlgorithms.app; sourceTree = BUILT_PRODUCTS_DIR; };
		65BFFFAB24E39F38000770B7 /* AppDelegate.swift */ = {isa = PBXFileReference; lastKnownFileType = sourcecode.swift; path = AppDelegate.swift; sourceTree = "<group>"; };
		65BFFFAD24E39F38000770B7 /* SceneDelegate.swift */ = {isa = PBXFileReference; lastKnownFileType = sourcecode.swift; path = SceneDelegate.swift; sourceTree = "<group>"; };
		65BFFFAF24E39F38000770B7 /* ViewController.swift */ = {isa = PBXFileReference; lastKnownFileType = sourcecode.swift; path = ViewController.swift; sourceTree = "<group>"; };
		65BFFFB224E39F38000770B7 /* Base */ = {isa = PBXFileReference; lastKnownFileType = file.storyboard; name = Base; path = Base.lproj/Main.storyboard; sourceTree = "<group>"; };
		65BFFFB424E39F3C000770B7 /* Assets.xcassets */ = {isa = PBXFileReference; lastKnownFileType = folder.assetcatalog; path = Assets.xcassets; sourceTree = "<group>"; };
		65BFFFB724E39F3C000770B7 /* Base */ = {isa = PBXFileReference; lastKnownFileType = file.storyboard; name = Base; path = Base.lproj/LaunchScreen.storyboard; sourceTree = "<group>"; };
		65BFFFB924E39F3C000770B7 /* Info.plist */ = {isa = PBXFileReference; lastKnownFileType = text.plist.xml; path = Info.plist; sourceTree = "<group>"; };
		65BFFFC024E39F6C000770B7 /* Sorts.swift */ = {isa = PBXFileReference; lastKnownFileType = sourcecode.swift; path = Sorts.swift; sourceTree = "<group>"; };
		65BFFFC624E3B15C000770B7 /* SortAlgorithmsTests.xctest */ = {isa = PBXFileReference; explicitFileType = wrapper.cfbundle; includeInIndex = 0; path = SortAlgorithmsTests.xctest; sourceTree = BUILT_PRODUCTS_DIR; };
		65BFFFC824E3B15C000770B7 /* SortAlgorithmsTests.swift */ = {isa = PBXFileReference; lastKnownFileType = sourcecode.swift; path = SortAlgorithmsTests.swift; sourceTree = "<group>"; };
		65BFFFCA24E3B15C000770B7 /* Info.plist */ = {isa = PBXFileReference; lastKnownFileType = text.plist.xml; path = Info.plist; sourceTree = "<group>"; };
/* End PBXFileReference section */

/* Begin PBXFrameworksBuildPhase section */
		65BFFFA524E39F38000770B7 /* Frameworks */ = {
			isa = PBXFrameworksBuildPhase;
			buildActionMask = 2147483647;
			files = (
			);
			runOnlyForDeploymentPostprocessing = 0;
		};
		65BFFFC324E3B15C000770B7 /* Frameworks */ = {
			isa = PBXFrameworksBuildPhase;
			buildActionMask = 2147483647;
			files = (
			);
			runOnlyForDeploymentPostprocessing = 0;
		};
/* End PBXFrameworksBuildPhase section */

/* Begin PBXGroup section */
		65BFFF9F24E39F38000770B7 = {
			isa = PBXGroup;
			children = (
				65BFFFAA24E39F38000770B7 /* SortAlgorithms */,
				65BFFFC724E3B15C000770B7 /* SortAlgorithmsTests */,
				65BFFFA924E39F38000770B7 /* Products */,
			);
			sourceTree = "<group>";
		};
		65BFFFA924E39F38000770B7 /* Products */ = {
			isa = PBXGroup;
			children = (
				65BFFFA824E39F38000770B7 /* SortAlgorithms.app */,
				65BFFFC624E3B15C000770B7 /* SortAlgorithmsTests.xctest */,
			);
			name = Products;
			sourceTree = "<group>";
		};
		65BFFFAA24E39F38000770B7 /* SortAlgorithms */ = {
			isa = PBXGroup;
			children = (
				65BFFFBF24E39F53000770B7 /* Controllers */,
				65BFFFB424E39F3C000770B7 /* Assets.xcassets */,
				65BFFFB624E39F3C000770B7 /* LaunchScreen.storyboard */,
				65BFFFB924E39F3C000770B7 /* Info.plist */,
				65BFFFC024E39F6C000770B7 /* Sorts.swift */,
			);
			path = SortAlgorithms;
			sourceTree = "<group>";
		};
		65BFFFBF24E39F53000770B7 /* Controllers */ = {
			isa = PBXGroup;
			children = (
				65BFFFAB24E39F38000770B7 /* AppDelegate.swift */,
				65BFFFAD24E39F38000770B7 /* SceneDelegate.swift */,
				65BFFFAF24E39F38000770B7 /* ViewController.swift */,
				65BFFFB124E39F38000770B7 /* Main.storyboard */,
			);
			path = Controllers;
			sourceTree = "<group>";
		};
		65BFFFC724E3B15C000770B7 /* SortAlgorithmsTests */ = {
			isa = PBXGroup;
			children = (
				65BFFFC824E3B15C000770B7 /* SortAlgorithmsTests.swift */,
				65BFFFCA24E3B15C000770B7 /* Info.plist */,
			);
			path = SortAlgorithmsTests;
			sourceTree = "<group>";
		};
/* End PBXGroup section */

/* Begin PBXNativeTarget section */
		65BFFFA724E39F38000770B7 /* SortAlgorithms */ = {
			isa = PBXNativeTarget;
			buildConfigurationList = 65BFFFBC24E39F3C000770B7 /* Build configuration list for PBXNativeTarget "SortAlgorithms" */;
			buildPhases = (
				65BFFFA424E39F38000770B7 /* Sources */,
				65BFFFA524E39F38000770B7 /* Frameworks */,
				65BFFFA624E39F38000770B7 /* Resources */,
			);
			buildRules = (
			);
			dependencies = (
			);
			name = SortAlgorithms;
			productName = SortAlgorithms;
			productReference = 65BFFFA824E39F38000770B7 /* SortAlgorithms.app */;
			productType = "com.apple.product-type.application";
		};
		65BFFFC524E3B15C000770B7 /* SortAlgorithmsTests */ = {
			isa = PBXNativeTarget;
			buildConfigurationList = 65BFFFCD24E3B15C000770B7 /* Build configuration list for PBXNativeTarget "SortAlgorithmsTests" */;
			buildPhases = (
				65BFFFC224E3B15C000770B7 /* Sources */,
				65BFFFC324E3B15C000770B7 /* Frameworks */,
				65BFFFC424E3B15C000770B7 /* Resources */,
			);
			buildRules = (
			);
			dependencies = (
				65BFFFCC24E3B15C000770B7 /* PBXTargetDependency */,
			);
			name = SortAlgorithmsTests;
			productName = SortAlgorithmsTests;
			productReference = 65BFFFC624E3B15C000770B7 /* SortAlgorithmsTests.xctest */;
			productType = "com.apple.product-type.bundle.unit-test";
		};
/* End PBXNativeTarget section */

/* Begin PBXProject section */
		65BFFFA024E39F38000770B7 /* Project object */ = {
			isa = PBXProject;
			attributes = {
				LastSwiftUpdateCheck = 1150;
				LastUpgradeCheck = 1150;
				ORGANIZATIONNAME = "Kumar jena, Srikant - Srikant";
				TargetAttributes = {
					65BFFFA724E39F38000770B7 = {
						CreatedOnToolsVersion = 11.5;
					};
					65BFFFC524E3B15C000770B7 = {
						CreatedOnToolsVersion = 11.5;
						TestTargetID = 65BFFFA724E39F38000770B7;
					};
				};
			};
			buildConfigurationList = 65BFFFA324E39F38000770B7 /* Build configuration list for PBXProject "SortAlgorithms" */;
			compatibilityVersion = "Xcode 9.3";
			developmentRegion = en;
			hasScannedForEncodings = 0;
			knownRegions = (
				en,
				Base,
			);
			mainGroup = 65BFFF9F24E39F38000770B7;
			productRefGroup = 65BFFFA924E39F38000770B7 /* Products */;
			projectDirPath = "";
			projectRoot = "";
			targets = (
				65BFFFA724E39F38000770B7 /* SortAlgorithms */,
				65BFFFC524E3B15C000770B7 /* SortAlgorithmsTests */,
			);
		};
/* End PBXProject section */

/* Begin PBXResourcesBuildPhase section */
		65BFFFA624E39F38000770B7 /* Resources */ = {
			isa = PBXResourcesBuildPhase;
			buildActionMask = 2147483647;
			files = (
				65BFFFB824E39F3C000770B7 /* LaunchScreen.storyboard in Resources */,
				65BFFFB524E39F3C000770B7 /* Assets.xcassets in Resources */,
				65BFFFB324E39F38000770B7 /* Main.storyboard in Resources */,
			);
			runOnlyForDeploymentPostprocessing = 0;
		};
		65BFFFC424E3B15C000770B7 /* Resources */ = {
			isa = PBXResourcesBuildPhase;
			buildActionMask = 2147483647;
			files = (
			);
			runOnlyForDeploymentPostprocessing = 0;
		};
/* End PBXResourcesBuildPhase section */

/* Begin PBXSourcesBuildPhase section */
		65BFFFA424E39F38000770B7 /* Sources */ = {
			isa = PBXSourcesBuildPhase;
			buildActionMask = 2147483647;
			files = (
				65BFFFB024E39F38000770B7 /* ViewController.swift in Sources */,
				65BFFFC124E39F6C000770B7 /* Sorts.swift in Sources */,
				65BFFFAC24E39F38000770B7 /* AppDelegate.swift in Sources */,
				65BFFFAE24E39F38000770B7 /* SceneDelegate.swift in Sources */,
			);
			runOnlyForDeploymentPostprocessing = 0;
		};
		65BFFFC224E3B15C000770B7 /* Sources */ = {
			isa = PBXSourcesBuildPhase;
			buildActionMask = 2147483647;
			files = (
				65BFFFC924E3B15C000770B7 /* SortAlgorithmsTests.swift in Sources */,
			);
			runOnlyForDeploymentPostprocessing = 0;
		};
/* End PBXSourcesBuildPhase section */

/* Begin PBXTargetDependency section */
		65BFFFCC24E3B15C000770B7 /* PBXTargetDependency */ = {
			isa = PBXTargetDependency;
			target = 65BFFFA724E39F38000770B7 /* SortAlgorithms */;
			targetProxy = 65BFFFCB24E3B15C000770B7 /* PBXContainerItemProxy */;
		};
/* End PBXTargetDependency section */

/* Begin PBXVariantGroup section */
		65BFFFB124E39F38000770B7 /* Main.storyboard */ = {
			isa = PBXVariantGroup;
			children = (
				65BFFFB224E39F38000770B7 /* Base */,
			);
			name = Main.storyboard;
			sourceTree = "<group>";
		};
		65BFFFB624E39F3C000770B7 /* LaunchScreen.storyboard */ = {
			isa = PBXVariantGroup;
			children = (
				65BFFFB724E39F3C000770B7 /* Base */,
			);
			name = LaunchScreen.storyboard;
			sourceTree = "<group>";
		};
/* End PBXVariantGroup section */

/* Begin XCBuildConfiguration section */
		65BFFFBA24E39F3C000770B7 /* Debug */ = {
			isa = XCBuildConfiguration;
			buildSettings = {
				ALWAYS_SEARCH_USER_PATHS = NO;
				CLANG_ANALYZER_NONNULL = YES;
				CLANG_ANALYZER_NUMBER_OBJECT_CONVERSION = YES_AGGRESSIVE;
				CLANG_CXX_LANGUAGE_STANDARD = "gnu++14";
				CLANG_CXX_LIBRARY = "libc++";
				CLANG_ENABLE_MODULES = YES;
				CLANG_ENABLE_OBJC_ARC = YES;
				CLANG_ENABLE_OBJC_WEAK = YES;
				CLANG_WARN_BLOCK_CAPTURE_AUTORELEASING = YES;
				CLANG_WARN_BOOL_CONVERSION = YES;
				CLANG_WARN_COMMA = YES;
				CLANG_WARN_CONSTANT_CONVERSION = YES;
				CLANG_WARN_DEPRECATED_OBJC_IMPLEMENTATIONS = YES;
				CLANG_WARN_DIRECT_OBJC_ISA_USAGE = YES_ERROR;
				CLANG_WARN_DOCUMENTATION_COMMENTS = YES;
				CLANG_WARN_EMPTY_BODY = YES;
				CLANG_WARN_ENUM_CONVERSION = YES;
				CLANG_WARN_INFINITE_RECURSION = YES;
				CLANG_WARN_INT_CONVERSION = YES;
				CLANG_WARN_NON_LITERAL_NULL_CONVERSION = YES;
				CLANG_WARN_OBJC_IMPLICIT_RETAIN_SELF = YES;
				CLANG_WARN_OBJC_LITERAL_CONVERSION = YES;
				CLANG_WARN_OBJC_ROOT_CLASS = YES_ERROR;
				CLANG_WARN_RANGE_LOOP_ANALYSIS = YES;
				CLANG_WARN_STRICT_PROTOTYPES = YES;
				CLANG_WARN_SUSPICIOUS_MOVE = YES;
				CLANG_WARN_UNGUARDED_AVAILABILITY = YES_AGGRESSIVE;
				CLANG_WARN_UNREACHABLE_CODE = YES;
				CLANG_WARN__DUPLICATE_METHOD_MATCH = YES;
				COPY_PHASE_STRIP = NO;
				DEBUG_INFORMATION_FORMAT = dwarf;
				ENABLE_STRICT_OBJC_MSGSEND = YES;
				ENABLE_TESTABILITY = YES;
				GCC_C_LANGUAGE_STANDARD = gnu11;
				GCC_DYNAMIC_NO_PIC = NO;
				GCC_NO_COMMON_BLOCKS = YES;
				GCC_OPTIMIZATION_LEVEL = 0;
				GCC_PREPROCESSOR_DEFINITIONS = (
					"DEBUG=1",
					"$(inherited)",
				);
				GCC_WARN_64_TO_32_BIT_CONVERSION = YES;
				GCC_WARN_ABOUT_RETURN_TYPE = YES_ERROR;
				GCC_WARN_UNDECLARED_SELECTOR = YES;
				GCC_WARN_UNINITIALIZED_AUTOS = YES_AGGRESSIVE;
				GCC_WARN_UNUSED_FUNCTION = YES;
				GCC_WARN_UNUSED_VARIABLE = YES;
				IPHONEOS_DEPLOYMENT_TARGET = 13.5;
				MTL_ENABLE_DEBUG_INFO = INCLUDE_SOURCE;
				MTL_FAST_MATH = YES;
				ONLY_ACTIVE_ARCH = YES;
				SDKROOT = iphoneos;
				SWIFT_ACTIVE_COMPILATION_CONDITIONS = DEBUG;
				SWIFT_OPTIMIZATION_LEVEL = "-Onone";
			};
			name = Debug;
		};
		65BFFFBB24E39F3C000770B7 /* Release */ = {
			isa = XCBuildConfiguration;
			buildSettings = {
				ALWAYS_SEARCH_USER_PATHS = NO;
				CLANG_ANALYZER_NONNULL = YES;
				CLANG_ANALYZER_NUMBER_OBJECT_CONVERSION = YES_AGGRESSIVE;
				CLANG_CXX_LANGUAGE_STANDARD = "gnu++14";
				CLANG_CXX_LIBRARY = "libc++";
				CLANG_ENABLE_MODULES = YES;
				CLANG_ENABLE_OBJC_ARC = YES;
				CLANG_ENABLE_OBJC_WEAK = YES;
				CLANG_WARN_BLOCK_CAPTURE_AUTORELEASING = YES;
				CLANG_WARN_BOOL_CONVERSION = YES;
				CLANG_WARN_COMMA = YES;
				CLANG_WARN_CONSTANT_CONVERSION = YES;
				CLANG_WARN_DEPRECATED_OBJC_IMPLEMENTATIONS = YES;
				CLANG_WARN_DIRECT_OBJC_ISA_USAGE = YES_ERROR;
				CLANG_WARN_DOCUMENTATION_COMMENTS = YES;
				CLANG_WARN_EMPTY_BODY = YES;
				CLANG_WARN_ENUM_CONVERSION = YES;
				CLANG_WARN_INFINITE_RECURSION = YES;
				CLANG_WARN_INT_CONVERSION = YES;
				CLANG_WARN_NON_LITERAL_NULL_CONVERSION = YES;
				CLANG_WARN_OBJC_IMPLICIT_RETAIN_SELF = YES;
				CLANG_WARN_OBJC_LITERAL_CONVERSION = YES;
				CLANG_WARN_OBJC_ROOT_CLASS = YES_ERROR;
				CLANG_WARN_RANGE_LOOP_ANALYSIS = YES;
				CLANG_WARN_STRICT_PROTOTYPES = YES;
				CLANG_WARN_SUSPICIOUS_MOVE = YES;
				CLANG_WARN_UNGUARDED_AVAILABILITY = YES_AGGRESSIVE;
				CLANG_WARN_UNREACHABLE_CODE = YES;
				CLANG_WARN__DUPLICATE_METHOD_MATCH = YES;
				COPY_PHASE_STRIP = NO;
				DEBUG_INFORMATION_FORMAT = "dwarf-with-dsym";
				ENABLE_NS_ASSERTIONS = NO;
				ENABLE_STRICT_OBJC_MSGSEND = YES;
				GCC_C_LANGUAGE_STANDARD = gnu11;
				GCC_NO_COMMON_BLOCKS = YES;
				GCC_WARN_64_TO_32_BIT_CONVERSION = YES;
				GCC_WARN_ABOUT_RETURN_TYPE = YES_ERROR;
				GCC_WARN_UNDECLARED_SELECTOR = YES;
				GCC_WARN_UNINITIALIZED_AUTOS = YES_AGGRESSIVE;
				GCC_WARN_UNUSED_FUNCTION = YES;
				GCC_WARN_UNUSED_VARIABLE = YES;
				IPHONEOS_DEPLOYMENT_TARGET = 13.5;
				MTL_ENABLE_DEBUG_INFO = NO;
				MTL_FAST_MATH = YES;
				SDKROOT = iphoneos;
				SWIFT_COMPILATION_MODE = wholemodule;
				SWIFT_OPTIMIZATION_LEVEL = "-O";
				VALIDATE_PRODUCT = YES;
			};
			name = Release;
		};
		65BFFFBD24E39F3C000770B7 /* Debug */ = {
			isa = XCBuildConfiguration;
			buildSettings = {
				ASSETCATALOG_COMPILER_APPICON_NAME = AppIcon;
				CODE_SIGN_STYLE = Automatic;
				DEVELOPMENT_TEAM = MMBS57UFS9;
				INFOPLIST_FILE = SortAlgorithms/Info.plist;
				LD_RUNPATH_SEARCH_PATHS = (
					"$(inherited)",
					"@executable_path/Frameworks",
				);
				PRODUCT_BUNDLE_IDENTIFIER = com.SortAlgorithms;
				PRODUCT_NAME = "$(TARGET_NAME)";
				SWIFT_VERSION = 5.0;
				TARGETED_DEVICE_FAMILY = "1,2";
			};
			name = Debug;
		};
		65BFFFBE24E39F3C000770B7 /* Release */ = {
			isa = XCBuildConfiguration;
			buildSettings = {
				ASSETCATALOG_COMPILER_APPICON_NAME = AppIcon;
				CODE_SIGN_STYLE = Automatic;
				DEVELOPMENT_TEAM = MMBS57UFS9;
				INFOPLIST_FILE = SortAlgorithms/Info.plist;
				LD_RUNPATH_SEARCH_PATHS = (
					"$(inherited)",
					"@executable_path/Frameworks",
				);
				PRODUCT_BUNDLE_IDENTIFIER = com.SortAlgorithms;
				PRODUCT_NAME = "$(TARGET_NAME)";
				SWIFT_VERSION = 5.0;
				TARGETED_DEVICE_FAMILY = "1,2";
			};
			name = Release;
		};
		65BFFFCE24E3B15C000770B7 /* Debug */ = {
			isa = XCBuildConfiguration;
			buildSettings = {
				BUNDLE_LOADER = "$(TEST_HOST)";
				CODE_SIGN_STYLE = Automatic;
				DEVELOPMENT_TEAM = MMBS57UFS9;
				INFOPLIST_FILE = SortAlgorithmsTests/Info.plist;
				LD_RUNPATH_SEARCH_PATHS = (
					"$(inherited)",
					"@executable_path/Frameworks",
					"@loader_path/Frameworks",
				);
				PRODUCT_BUNDLE_IDENTIFIER = com.SortAlgorithmsTests;
				PRODUCT_NAME = "$(TARGET_NAME)";
				SWIFT_VERSION = 5.0;
				TARGETED_DEVICE_FAMILY = "1,2";
				TEST_HOST = "$(BUILT_PRODUCTS_DIR)/SortAlgorithms.app/SortAlgorithms";
			};
			name = Debug;
		};
		65BFFFCF24E3B15C000770B7 /* Release */ = {
			isa = XCBuildConfiguration;
			buildSettings = {
				BUNDLE_LOADER = "$(TEST_HOST)";
				CODE_SIGN_STYLE = Automatic;
				DEVELOPMENT_TEAM = MMBS57UFS9;
				INFOPLIST_FILE = SortAlgorithmsTests/Info.plist;
				LD_RUNPATH_SEARCH_PATHS = (
					"$(inherited)",
					"@executable_path/Frameworks",
					"@loader_path/Frameworks",
				);
				PRODUCT_BUNDLE_IDENTIFIER = com.SortAlgorithmsTests;
				PRODUCT_NAME = "$(TARGET_NAME)";
				SWIFT_VERSION = 5.0;
				TARGETED_DEVICE_FAMILY = "1,2";
				TEST_HOST = "$(BUILT_PRODUCTS_DIR)/SortAlgorithms.app/SortAlgorithms";
			};
			name = Release;
		};
/* End XCBuildConfiguration section */

/* Begin XCConfigurationList section */
		65BFFFA324E39F38000770B7 /* Build configuration list for PBXProject "SortAlgorithms" */ = {
			isa = XCConfigurationList;
			buildConfigurations = (
				65BFFFBA24E39F3C000770B7 /* Debug */,
				65BFFFBB24E39F3C000770B7 /* Release */,
			);
			defaultConfigurationIsVisible = 0;
			defaultConfigurationName = Release;
		};
		65BFFFBC24E39F3C000770B7 /* Build configuration list for PBXNativeTarget "SortAlgorithms" */ = {
			isa = XCConfigurationList;
			buildConfigurations = (
				65BFFFBD24E39F3C000770B7 /* Debug */,
				65BFFFBE24E39F3C000770B7 /* Release */,
			);
			defaultConfigurationIsVisible = 0;
			defaultConfigurationName = Release;
		};
		65BFFFCD24E3B15C000770B7 /* Build configuration list for PBXNativeTarget "SortAlgorithmsTests" */ = {
			isa = XCConfigurationList;
			buildConfigurations = (
				65BFFFCE24E3B15C000770B7 /* Debug */,
				65BFFFCF24E3B15C000770B7 /* Release */,
			);
			defaultConfigurationIsVisible = 0;
			defaultConfigurationName = Release;
		};
/* End XCConfigurationList section */
	};
	rootObject = 65BFFFA024E39F38000770B7 /* Project object */;
}
